// !$*UTF8*$!
{
	archiveVersion = 1;
	classes = {
	};
	objectVersion = 55;
	objects = {

/* Begin PBXBuildFile section */
		7A40FD1C278C4722004BBEEE /* nodes.json in Resources */ = {isa = PBXBuildFile; fileRef = 7A40FD15278C4722004BBEEE /* nodes.json */; };
		7A40FD1D278C4722004BBEEE /* Edges.swift in Sources */ = {isa = PBXBuildFile; fileRef = 7A40FD16278C4722004BBEEE /* Edges.swift */; };
		7A40FD1E278C4722004BBEEE /* Nodes.swift in Sources */ = {isa = PBXBuildFile; fileRef = 7A40FD17278C4722004BBEEE /* Nodes.swift */; };
		7A40FD1F278C4722004BBEEE /* Line.swift in Sources */ = {isa = PBXBuildFile; fileRef = 7A40FD18278C4722004BBEEE /* Line.swift */; };
		7A40FD20278C4722004BBEEE /* Edge.swift in Sources */ = {isa = PBXBuildFile; fileRef = 7A40FD19278C4722004BBEEE /* Edge.swift */; };
		7A40FD21278C4722004BBEEE /* edges.json in Resources */ = {isa = PBXBuildFile; fileRef = 7A40FD1A278C4722004BBEEE /* edges.json */; };
		7A40FD22278C4722004BBEEE /* Matrix.swift in Sources */ = {isa = PBXBuildFile; fileRef = 7A40FD1B278C4722004BBEEE /* Matrix.swift */; };
		7A7216D527BA9644008D1411 /* ViewModifiers.swift in Sources */ = {isa = PBXBuildFile; fileRef = 7A7216D427BA9644008D1411 /* ViewModifiers.swift */; };
		7A7B6741276D57D700E2964D /* BigBrainStormApp.swift in Sources */ = {isa = PBXBuildFile; fileRef = 7A7B6740276D57D700E2964D /* BigBrainStormApp.swift */; };
		7A7B6743276D57D700E2964D /* ContentView.swift in Sources */ = {isa = PBXBuildFile; fileRef = 7A7B6742276D57D700E2964D /* ContentView.swift */; };
		7A7B6745276D57D900E2964D /* Assets.xcassets in Resources */ = {isa = PBXBuildFile; fileRef = 7A7B6744276D57D900E2964D /* Assets.xcassets */; };
		7A7B6748276D57D900E2964D /* Preview Assets.xcassets in Resources */ = {isa = PBXBuildFile; fileRef = 7A7B6747276D57D900E2964D /* Preview Assets.xcassets */; };
		7A7B674F276D593700E2964D /* Node.swift in Sources */ = {isa = PBXBuildFile; fileRef = 7A7B674E276D593700E2964D /* Node.swift */; };
		7ACB15DB279882E800C6BAE6 /* SideBar.swift in Sources */ = {isa = PBXBuildFile; fileRef = 7ACB15DA279882E800C6BAE6 /* SideBar.swift */; };
		7ACB15DE2798881500C6BAE6 /* NSideMenu in Frameworks */ = {isa = PBXBuildFile; productRef = 7ACB15DD2798881500C6BAE6 /* NSideMenu */; };
/* End PBXBuildFile section */

/* Begin PBXFileReference section */
		7A40FD15278C4722004BBEEE /* nodes.json */ = {isa = PBXFileReference; fileEncoding = 4; lastKnownFileType = text.json; path = nodes.json; sourceTree = "<group>"; };
		7A40FD16278C4722004BBEEE /* Edges.swift */ = {isa = PBXFileReference; fileEncoding = 4; lastKnownFileType = sourcecode.swift; path = Edges.swift; sourceTree = "<group>"; };
		7A40FD17278C4722004BBEEE /* Nodes.swift */ = {isa = PBXFileReference; fileEncoding = 4; lastKnownFileType = sourcecode.swift; path = Nodes.swift; sourceTree = "<group>"; };
		7A40FD18278C4722004BBEEE /* Line.swift */ = {isa = PBXFileReference; fileEncoding = 4; lastKnownFileType = sourcecode.swift; path = Line.swift; sourceTree = "<group>"; };
		7A40FD19278C4722004BBEEE /* Edge.swift */ = {isa = PBXFileReference; fileEncoding = 4; lastKnownFileType = sourcecode.swift; path = Edge.swift; sourceTree = "<group>"; };
		7A40FD1A278C4722004BBEEE /* edges.json */ = {isa = PBXFileReference; fileEncoding = 4; lastKnownFileType = text.json; path = edges.json; sourceTree = "<group>"; };
		7A40FD1B278C4722004BBEEE /* Matrix.swift */ = {isa = PBXFileReference; fileEncoding = 4; lastKnownFileType = sourcecode.swift; path = Matrix.swift; sourceTree = "<group>"; };
		7A7216D427BA9644008D1411 /* ViewModifiers.swift */ = {isa = PBXFileReference; lastKnownFileType = sourcecode.swift; path = ViewModifiers.swift; sourceTree = "<group>"; };
		7A7B673D276D57D700E2964D /* BigBrainStorm.app */ = {isa = PBXFileReference; explicitFileType = wrapper.application; includeInIndex = 0; path = BigBrainStorm.app; sourceTree = BUILT_PRODUCTS_DIR; };
		7A7B6740276D57D700E2964D /* BigBrainStormApp.swift */ = {isa = PBXFileReference; lastKnownFileType = sourcecode.swift; path = BigBrainStormApp.swift; sourceTree = "<group>"; };
		7A7B6742276D57D700E2964D /* ContentView.swift */ = {isa = PBXFileReference; lastKnownFileType = sourcecode.swift; path = ContentView.swift; sourceTree = "<group>"; };
		7A7B6744276D57D900E2964D /* Assets.xcassets */ = {isa = PBXFileReference; lastKnownFileType = folder.assetcatalog; path = Assets.xcassets; sourceTree = "<group>"; };
		7A7B6747276D57D900E2964D /* Preview Assets.xcassets */ = {isa = PBXFileReference; lastKnownFileType = folder.assetcatalog; path = "Preview Assets.xcassets"; sourceTree = "<group>"; };
		7A7B674E276D593700E2964D /* Node.swift */ = {isa = PBXFileReference; lastKnownFileType = sourcecode.swift; path = Node.swift; sourceTree = "<group>"; };
		7ACB15DA279882E800C6BAE6 /* SideBar.swift */ = {isa = PBXFileReference; lastKnownFileType = sourcecode.swift; path = SideBar.swift; sourceTree = "<group>"; };
/* End PBXFileReference section */

/* Begin PBXFrameworksBuildPhase section */
		7A7B673A276D57D700E2964D /* Frameworks */ = {
			isa = PBXFrameworksBuildPhase;
			buildActionMask = 2147483647;
			files = (
				7ACB15DE2798881500C6BAE6 /* NSideMenu in Frameworks */,
			);
			runOnlyForDeploymentPostprocessing = 0;
		};
/* End PBXFrameworksBuildPhase section */

/* Begin PBXGroup section */
		7A7B6734276D57D700E2964D = {
			isa = PBXGroup;
			children = (
				7A7B673F276D57D700E2964D /* BigBrainStorm */,
				7A7B673E276D57D700E2964D /* Products */,
			);
			sourceTree = "<group>";
		};
		7A7B673E276D57D700E2964D /* Products */ = {
			isa = PBXGroup;
			children = (
				7A7B673D276D57D700E2964D /* BigBrainStorm.app */,
			);
			name = Products;
			sourceTree = "<group>";
		};
		7A7B673F276D57D700E2964D /* BigBrainStorm */ = {
			isa = PBXGroup;
			children = (
				7A7B6740276D57D700E2964D /* BigBrainStormApp.swift */,
				7A7B6742276D57D700E2964D /* ContentView.swift */,
				7A7216D427BA9644008D1411 /* ViewModifiers.swift */,
				7ACB15DA279882E800C6BAE6 /* SideBar.swift */,
				7A40FD19278C4722004BBEEE /* Edge.swift */,
				7A40FD16278C4722004BBEEE /* Edges.swift */,
				7A40FD18278C4722004BBEEE /* Line.swift */,
				7A40FD1B278C4722004BBEEE /* Matrix.swift */,
				7A40FD17278C4722004BBEEE /* Nodes.swift */,
				7A7B674E276D593700E2964D /* Node.swift */,
				7A40FD15278C4722004BBEEE /* nodes.json */,
				7A40FD1A278C4722004BBEEE /* edges.json */,
				7A7B6744276D57D900E2964D /* Assets.xcassets */,
				7A7B6746276D57D900E2964D /* Preview Content */,
			);
			path = BigBrainStorm;
			sourceTree = "<group>";
		};
		7A7B6746276D57D900E2964D /* Preview Content */ = {
			isa = PBXGroup;
			children = (
				7A7B6747276D57D900E2964D /* Preview Assets.xcassets */,
			);
			path = "Preview Content";
			sourceTree = "<group>";
		};
/* End PBXGroup section */

/* Begin PBXNativeTarget section */
		7A7B673C276D57D700E2964D /* BigBrainStorm */ = {
			isa = PBXNativeTarget;
			buildConfigurationList = 7A7B674B276D57D900E2964D /* Build configuration list for PBXNativeTarget "BigBrainStorm" */;
			buildPhases = (
				7A7B6739276D57D700E2964D /* Sources */,
				7A7B673A276D57D700E2964D /* Frameworks */,
				7A7B673B276D57D700E2964D /* Resources */,
			);
			buildRules = (
			);
			dependencies = (
			);
			name = BigBrainStorm;
			packageProductDependencies = (
				7ACB15DD2798881500C6BAE6 /* NSideMenu */,
			);
			productName = BigBrainStorm;
			productReference = 7A7B673D276D57D700E2964D /* BigBrainStorm.app */;
			productType = "com.apple.product-type.application";
		};
/* End PBXNativeTarget section */

/* Begin PBXProject section */
		7A7B6735276D57D700E2964D /* Project object */ = {
			isa = PBXProject;
			attributes = {
				BuildIndependentTargetsInParallel = 1;
				LastSwiftUpdateCheck = 1310;
				LastUpgradeCheck = 1310;
				TargetAttributes = {
					7A7B673C276D57D700E2964D = {
						CreatedOnToolsVersion = 13.1;
					};
				};
			};
			buildConfigurationList = 7A7B6738276D57D700E2964D /* Build configuration list for PBXProject "BigBrainStorm" */;
			compatibilityVersion = "Xcode 13.0";
			developmentRegion = en;
			hasScannedForEncodings = 0;
			knownRegions = (
				en,
				Base,
			);
			mainGroup = 7A7B6734276D57D700E2964D;
			packageReferences = (
				7ACB15DC2798881400C6BAE6 /* XCRemoteSwiftPackageReference "NSideMenu" */,
			);
			productRefGroup = 7A7B673E276D57D700E2964D /* Products */;
			projectDirPath = "";
			projectRoot = "";
			targets = (
				7A7B673C276D57D700E2964D /* BigBrainStorm */,
			);
		};
/* End PBXProject section */

/* Begin PBXResourcesBuildPhase section */
		7A7B673B276D57D700E2964D /* Resources */ = {
			isa = PBXResourcesBuildPhase;
			buildActionMask = 2147483647;
			files = (
				7A40FD1C278C4722004BBEEE /* nodes.json in Resources */,
				7A7B6748276D57D900E2964D /* Preview Assets.xcassets in Resources */,
				7A40FD21278C4722004BBEEE /* edges.json in Resources */,
				7A7B6745276D57D900E2964D /* Assets.xcassets in Resources */,
			);
			runOnlyForDeploymentPostprocessing = 0;
		};
/* End PBXResourcesBuildPhase section */

/* Begin PBXSourcesBuildPhase section */
		7A7B6739276D57D700E2964D /* Sources */ = {
			isa = PBXSourcesBuildPhase;
			buildActionMask = 2147483647;
			files = (
				7A40FD1D278C4722004BBEEE /* Edges.swift in Sources */,
				7A40FD1E278C4722004BBEEE /* Nodes.swift in Sources */,
				7A40FD22278C4722004BBEEE /* Matrix.swift in Sources */,
				7A40FD20278C4722004BBEEE /* Edge.swift in Sources */,
				7A7B6743276D57D700E2964D /* ContentView.swift in Sources */,
				7A7216D527BA9644008D1411 /* ViewModifiers.swift in Sources */,
				7A7B674F276D593700E2964D /* Node.swift in Sources */,
				7A40FD1F278C4722004BBEEE /* Line.swift in Sources */,
				7ACB15DB279882E800C6BAE6 /* SideBar.swift in Sources */,
				7A7B6741276D57D700E2964D /* BigBrainStormApp.swift in Sources */,
			);
			runOnlyForDeploymentPostprocessing = 0;
		};
/* End PBXSourcesBuildPhase section */

/* Begin XCBuildConfiguration section */
		7A7B6749276D57D900E2964D /* Debug */ = {
			isa = XCBuildConfiguration;
			buildSettings = {
				ALWAYS_SEARCH_USER_PATHS = NO;
				CLANG_ANALYZER_NONNULL = YES;
				CLANG_ANALYZER_NUMBER_OBJECT_CONVERSION = YES_AGGRESSIVE;
				CLANG_CXX_LANGUAGE_STANDARD = "gnu++17";
				CLANG_CXX_LIBRARY = "libc++";
				CLANG_ENABLE_MODULES = YES;
				CLANG_ENABLE_OBJC_ARC = YES;
				CLANG_ENABLE_OBJC_WEAK = YES;
				CLANG_WARN_BLOCK_CAPTURE_AUTORELEASING = YES;
				CLANG_WARN_BOOL_CONVERSION = YES;
				CLANG_WARN_COMMA = YES;
				CLANG_WARN_CONSTANT_CONVERSION = YES;
				CLANG_WARN_DEPRECATED_OBJC_IMPLEMENTATIONS = YES;
				CLANG_WARN_DIRECT_OBJC_ISA_USAGE = YES_ERROR;
				CLANG_WARN_DOCUMENTATION_COMMENTS = YES;
				CLANG_WARN_EMPTY_BODY = YES;
				CLANG_WARN_ENUM_CONVERSION = YES;
				CLANG_WARN_INFINITE_RECURSION = YES;
				CLANG_WARN_INT_CONVERSION = YES;
				CLANG_WARN_NON_LITERAL_NULL_CONVERSION = YES;
				CLANG_WARN_OBJC_IMPLICIT_RETAIN_SELF = YES;
				CLANG_WARN_OBJC_LITERAL_CONVERSION = YES;
				CLANG_WARN_OBJC_ROOT_CLASS = YES_ERROR;
				CLANG_WARN_QUOTED_INCLUDE_IN_FRAMEWORK_HEADER = YES;
				CLANG_WARN_RANGE_LOOP_ANALYSIS = YES;
				CLANG_WARN_STRICT_PROTOTYPES = YES;
				CLANG_WARN_SUSPICIOUS_MOVE = YES;
				CLANG_WARN_UNGUARDED_AVAILABILITY = YES_AGGRESSIVE;
				CLANG_WARN_UNREACHABLE_CODE = YES;
				CLANG_WARN__DUPLICATE_METHOD_MATCH = YES;
				COPY_PHASE_STRIP = NO;
				DEBUG_INFORMATION_FORMAT = dwarf;
				ENABLE_STRICT_OBJC_MSGSEND = YES;
				ENABLE_TESTABILITY = YES;
				GCC_C_LANGUAGE_STANDARD = gnu11;
				GCC_DYNAMIC_NO_PIC = NO;
				GCC_NO_COMMON_BLOCKS = YES;
				GCC_OPTIMIZATION_LEVEL = 0;
				GCC_PREPROCESSOR_DEFINITIONS = (
					"DEBUG=1",
					"$(inherited)",
				);
				GCC_WARN_64_TO_32_BIT_CONVERSION = YES;
				GCC_WARN_ABOUT_RETURN_TYPE = YES_ERROR;
				GCC_WARN_UNDECLARED_SELECTOR = YES;
				GCC_WARN_UNINITIALIZED_AUTOS = YES_AGGRESSIVE;
				GCC_WARN_UNUSED_FUNCTION = YES;
				GCC_WARN_UNUSED_VARIABLE = YES;
				IPHONEOS_DEPLOYMENT_TARGET = 15.0;
				MTL_ENABLE_DEBUG_INFO = INCLUDE_SOURCE;
				MTL_FAST_MATH = YES;
				ONLY_ACTIVE_ARCH = YES;
				SDKROOT = iphoneos;
				SWIFT_ACTIVE_COMPILATION_CONDITIONS = DEBUG;
				SWIFT_OPTIMIZATION_LEVEL = "-Onone";
			};
			name = Debug;
		};
		7A7B674A276D57D900E2964D /* Release */ = {
			isa = XCBuildConfiguration;
			buildSettings = {
				ALWAYS_SEARCH_USER_PATHS = NO;
				CLANG_ANALYZER_NONNULL = YES;
				CLANG_ANALYZER_NUMBER_OBJECT_CONVERSION = YES_AGGRESSIVE;
				CLANG_CXX_LANGUAGE_STANDARD = "gnu++17";
				CLANG_CXX_LIBRARY = "libc++";
				CLANG_ENABLE_MODULES = YES;
				CLANG_ENABLE_OBJC_ARC = YES;
				CLANG_ENABLE_OBJC_WEAK = YES;
				CLANG_WARN_BLOCK_CAPTURE_AUTORELEASING = YES;
				CLANG_WARN_BOOL_CONVERSION = YES;
				CLANG_WARN_COMMA = YES;
				CLANG_WARN_CONSTANT_CONVERSION = YES;
				CLANG_WARN_DEPRECATED_OBJC_IMPLEMENTATIONS = YES;
				CLANG_WARN_DIRECT_OBJC_ISA_USAGE = YES_ERROR;
				CLANG_WARN_DOCUMENTATION_COMMENTS = YES;
				CLANG_WARN_EMPTY_BODY = YES;
				CLANG_WARN_ENUM_CONVERSION = YES;
				CLANG_WARN_INFINITE_RECURSION = YES;
				CLANG_WARN_INT_CONVERSION = YES;
				CLANG_WARN_NON_LITERAL_NULL_CONVERSION = YES;
				CLANG_WARN_OBJC_IMPLICIT_RETAIN_SELF = YES;
				CLANG_WARN_OBJC_LITERAL_CONVERSION = YES;
				CLANG_WARN_OBJC_ROOT_CLASS = YES_ERROR;
				CLANG_WARN_QUOTED_INCLUDE_IN_FRAMEWORK_HEADER = YES;
				CLANG_WARN_RANGE_LOOP_ANALYSIS = YES;
				CLANG_WARN_STRICT_PROTOTYPES = YES;
				CLANG_WARN_SUSPICIOUS_MOVE = YES;
				CLANG_WARN_UNGUARDED_AVAILABILITY = YES_AGGRESSIVE;
				CLANG_WARN_UNREACHABLE_CODE = YES;
				CLANG_WARN__DUPLICATE_METHOD_MATCH = YES;
				COPY_PHASE_STRIP = NO;
				DEBUG_INFORMATION_FORMAT = "dwarf-with-dsym";
				ENABLE_NS_ASSERTIONS = NO;
				ENABLE_STRICT_OBJC_MSGSEND = YES;
				GCC_C_LANGUAGE_STANDARD = gnu11;
				GCC_NO_COMMON_BLOCKS = YES;
				GCC_WARN_64_TO_32_BIT_CONVERSION = YES;
				GCC_WARN_ABOUT_RETURN_TYPE = YES_ERROR;
				GCC_WARN_UNDECLARED_SELECTOR = YES;
				GCC_WARN_UNINITIALIZED_AUTOS = YES_AGGRESSIVE;
				GCC_WARN_UNUSED_FUNCTION = YES;
				GCC_WARN_UNUSED_VARIABLE = YES;
				IPHONEOS_DEPLOYMENT_TARGET = 15.0;
				MTL_ENABLE_DEBUG_INFO = NO;
				MTL_FAST_MATH = YES;
				SDKROOT = iphoneos;
				SWIFT_COMPILATION_MODE = wholemodule;
				SWIFT_OPTIMIZATION_LEVEL = "-O";
				VALIDATE_PRODUCT = YES;
			};
			name = Release;
		};
		7A7B674C276D57D900E2964D /* Debug */ = {
			isa = XCBuildConfiguration;
			buildSettings = {
				ASSETCATALOG_COMPILER_APPICON_NAME = AppIcon;
				ASSETCATALOG_COMPILER_GLOBAL_ACCENT_COLOR_NAME = AccentColor;
				CODE_SIGN_STYLE = Automatic;
				CURRENT_PROJECT_VERSION = 1;
				DEVELOPMENT_ASSET_PATHS = "\"BigBrainStorm/Preview Content\"";
				DEVELOPMENT_TEAM = DSBZ5432JW;
				ENABLE_PREVIEWS = YES;
				GENERATE_INFOPLIST_FILE = YES;
				INFOPLIST_KEY_UIApplicationSceneManifest_Generation = YES;
				INFOPLIST_KEY_UIApplicationSupportsIndirectInputEvents = YES;
				INFOPLIST_KEY_UILaunchScreen_Generation = YES;
				INFOPLIST_KEY_UISupportedInterfaceOrientations_iPad = "UIInterfaceOrientationPortrait UIInterfaceOrientationPortraitUpsideDown UIInterfaceOrientationLandscapeLeft UIInterfaceOrientationLandscapeRight";
				INFOPLIST_KEY_UISupportedInterfaceOrientations_iPhone = "UIInterfaceOrientationPortrait UIInterfaceOrientationLandscapeLeft UIInterfaceOrientationLandscapeRight";
				LD_RUNPATH_SEARCH_PATHS = (
					"$(inherited)",
					"@executable_path/Frameworks",
				);
				MARKETING_VERSION = 1.0;
				PRODUCT_BUNDLE_IDENTIFIER = com.zwierzchowski.mateusz.BigBrainStorm;
				PRODUCT_NAME = "$(TARGET_NAME)";
				SWIFT_EMIT_LOC_STRINGS = YES;
				SWIFT_VERSION = 5.0;
				TARGETED_DEVICE_FAMILY = "1,2";
			};
			name = Debug;
		};
		7A7B674D276D57D900E2964D /* Release */ = {
			isa = XCBuildConfiguration;
			buildSettings = {
				ASSETCATALOG_COMPILER_APPICON_NAME = AppIcon;
				ASSETCATALOG_COMPILER_GLOBAL_ACCENT_COLOR_NAME = AccentColor;
				CODE_SIGN_STYLE = Automatic;
				CURRENT_PROJECT_VERSION = 1;
				DEVELOPMENT_ASSET_PATHS = "\"BigBrainStorm/Preview Content\"";
				DEVELOPMENT_TEAM = DSBZ5432JW;
				ENABLE_PREVIEWS = YES;
				GENERATE_INFOPLIST_FILE = YES;
				INFOPLIST_KEY_UIApplicationSceneManifest_Generation = YES;
				INFOPLIST_KEY_UIApplicationSupportsIndirectInputEvents = YES;
				INFOPLIST_KEY_UILaunchScreen_Generation = YES;
				INFOPLIST_KEY_UISupportedInterfaceOrientations_iPad = "UIInterfaceOrientationPortrait UIInterfaceOrientationPortraitUpsideDown UIInterfaceOrientationLandscapeLeft UIInterfaceOrientationLandscapeRight";
				INFOPLIST_KEY_UISupportedInterfaceOrientations_iPhone = "UIInterfaceOrientationPortrait UIInterfaceOrientationLandscapeLeft UIInterfaceOrientationLandscapeRight";
				LD_RUNPATH_SEARCH_PATHS = (
					"$(inherited)",
					"@executable_path/Frameworks",
				);
				MARKETING_VERSION = 1.0;
				PRODUCT_BUNDLE_IDENTIFIER = com.zwierzchowski.mateusz.BigBrainStorm;
				PRODUCT_NAME = "$(TARGET_NAME)";
				SWIFT_EMIT_LOC_STRINGS = YES;
				SWIFT_VERSION = 5.0;
				TARGETED_DEVICE_FAMILY = "1,2";
			};
			name = Release;
		};
/* End XCBuildConfiguration section */

/* Begin XCConfigurationList section */
		7A7B6738276D57D700E2964D /* Build configuration list for PBXProject "BigBrainStorm" */ = {
			isa = XCConfigurationList;
			buildConfigurations = (
				7A7B6749276D57D900E2964D /* Debug */,
				7A7B674A276D57D900E2964D /* Release */,
			);
			defaultConfigurationIsVisible = 0;
			defaultConfigurationName = Release;
		};
		7A7B674B276D57D900E2964D /* Build configuration list for PBXNativeTarget "BigBrainStorm" */ = {
			isa = XCConfigurationList;
			buildConfigurations = (
				7A7B674C276D57D900E2964D /* Debug */,
				7A7B674D276D57D900E2964D /* Release */,
			);
			defaultConfigurationIsVisible = 0;
			defaultConfigurationName = Release;
		};
/* End XCConfigurationList section */

/* Begin XCRemoteSwiftPackageReference section */
		7ACB15DC2798881400C6BAE6 /* XCRemoteSwiftPackageReference "NSideMenu" */ = {
			isa = XCRemoteSwiftPackageReference;
			repositoryURL = "https://github.com/itisnajim/NSideMenu.git";
			requirement = {
				kind = upToNextMajorVersion;
				minimumVersion = 1.0.0;
			};
		};
/* End XCRemoteSwiftPackageReference section */

/* Begin XCSwiftPackageProductDependency section */
		7ACB15DD2798881500C6BAE6 /* NSideMenu */ = {
			isa = XCSwiftPackageProductDependency;
			package = 7ACB15DC2798881400C6BAE6 /* XCRemoteSwiftPackageReference "NSideMenu" */;
			productName = NSideMenu;
		};
/* End XCSwiftPackageProductDependency section */
	};
	rootObject = 7A7B6735276D57D700E2964D /* Project object */;
}
